
Microsoft Visual Studio Solution File, Format Version 12.00
# Visual Studio Version 17
VisualStudioVersion = 17.9.34622.214
MinimumVisualStudioVersion = 10.0.40219.1
Project("{FAE04EC0-301F-11D3-BF4B-00C04F79EFBC}") = "Back_Employees", "Back_Employees\Back_Employees.csproj", "{2DC1B2FB-1AC4-4E98-8F0D-72392F6B9045}"
EndProject
Global
	GlobalSection(SolutionConfigurationPlatforms) = preSolution
		Debug|Any CPU = Debug|Any CPU
		Release|Any CPU = Release|Any CPU
	EndGlobalSection
	GlobalSection(ProjectConfigurationPlatforms) = postSolution
		{2DC1B2FB-1AC4-4E98-8F0D-72392F6B9045}.Debug|Any CPU.ActiveCfg = Debug|Any CPU
		{2DC1B2FB-1AC4-4E98-8F0D-72392F6B9045}.Debug|Any CPU.Build.0 = Debug|Any CPU
		{2DC1B2FB-1AC4-4E98-8F0D-72392F6B9045}.Release|Any CPU.ActiveCfg = Release|Any CPU
		{2DC1B2FB-1AC4-4E98-8F0D-72392F6B9045}.Release|Any CPU.Build.0 = Release|Any CPU
	EndGlobalSection
	GlobalSection(SolutionProperties) = preSolution
		HideSolutionNode = FALSE
	EndGlobalSection
	GlobalSection(ExtensibilityGlobals) = postSolution
		SolutionGuid = {8C665991-F736-4533-96EE-DBDB40180CC2}
	EndGlobalSection
EndGlobal
